
Microsoft Visual Studio Solution File, Format Version 12.00
# Visual Studio Version 17
VisualStudioVersion = 17.6.33815.320
MinimumVisualStudioVersion = 10.0.40219.1
Project("{FAE04EC0-301F-11D3-BF4B-00C04F79EFBC}") = "OnlineShopWebApp", "OnlineShopWebApp\OnlineShopWebApp.csproj", "{94C44BB4-6E2B-4940-BAF4-B4E66F740F21}"
EndProject
Global
	GlobalSection(SolutionConfigurationPlatforms) = preSolution
		Debug|Any CPU = Debug|Any CPU
		Release|Any CPU = Release|Any CPU
	EndGlobalSection
	GlobalSection(ProjectConfigurationPlatforms) = postSolution
		{94C44BB4-6E2B-4940-BAF4-B4E66F740F21}.Debug|Any CPU.ActiveCfg = Debug|Any CPU
		{94C44BB4-6E2B-4940-BAF4-B4E66F740F21}.Debug|Any CPU.Build.0 = Debug|Any CPU
		{94C44BB4-6E2B-4940-BAF4-B4E66F740F21}.Release|Any CPU.ActiveCfg = Release|Any CPU
		{94C44BB4-6E2B-4940-BAF4-B4E66F740F21}.Release|Any CPU.Build.0 = Release|Any CPU
	EndGlobalSection
	GlobalSection(SolutionProperties) = preSolution
		HideSolutionNode = FALSE
	EndGlobalSection
	GlobalSection(ExtensibilityGlobals) = postSolution
		SolutionGuid = {4EEF6569-93FE-47B5-8FA4-178CEE729DD1}
	EndGlobalSection
EndGlobal
